
Microsoft Visual Studio Solution File, Format Version 12.00
# Visual Studio Version 16
VisualStudioVersion = 16.0.29806.167
MinimumVisualStudioVersion = 10.0.40219.1
Project("{FAE04EC0-301F-11D3-BF4B-00C04F79EFBC}") = "caterpi431-ctm", "caterpi431-ctm.csproj", "{027E2B4B-3102-426A-8891-BE8F91A59A61}"
EndProject
Global
	GlobalSection(SolutionConfigurationPlatforms) = preSolution
		Debug|Any CPU = Debug|Any CPU
		Release|Any CPU = Release|Any CPU
	EndGlobalSection
	GlobalSection(ProjectConfigurationPlatforms) = postSolution
		{027E2B4B-3102-426A-8891-BE8F91A59A61}.Debug|Any CPU.ActiveCfg = Debug|Any CPU
		{027E2B4B-3102-426A-8891-BE8F91A59A61}.Debug|Any CPU.Build.0 = Debug|Any CPU
		{027E2B4B-3102-426A-8891-BE8F91A59A61}.Release|Any CPU.ActiveCfg = Release|Any CPU
		{027E2B4B-3102-426A-8891-BE8F91A59A61}.Release|Any CPU.Build.0 = Release|Any CPU
	EndGlobalSection
	GlobalSection(SolutionProperties) = preSolution
		HideSolutionNode = FALSE
	EndGlobalSection
	GlobalSection(ExtensibilityGlobals) = postSolution
		SolutionGuid = {B4587588-CCFA-424D-BA9A-FEF5EE6539CA}
	EndGlobalSection
EndGlobal
